
Microsoft Visual Studio Solution File, Format Version 12.00
# Visual Studio Version 17
VisualStudioVersion = 17.6.33829.357
MinimumVisualStudioVersion = 10.0.40219.1
Project("{9A19103F-16F7-4668-BE54-9A1E7A4F7556}") = "PanteonWorkDemo", "PanteonWorkDemo.csproj", "{BB6F4143-30E8-4CF9-9001-A46537283850}"
EndProject
Project("{9A19103F-16F7-4668-BE54-9A1E7A4F7556}") = "DataLayer", "..\DataLayer\DataLayer.csproj", "{9590124E-B27A-4673-8AD7-06D38E32C45B}"
EndProject
Project("{9A19103F-16F7-4668-BE54-9A1E7A4F7556}") = "EntityLayer", "..\EntityLayer\EntityLayer.csproj", "{25B3CD61-E550-4CFD-9E3B-30CF262AC346}"
EndProject
Project("{9A19103F-16F7-4668-BE54-9A1E7A4F7556}") = "BusinessLayer", "..\BusinessLayer\BusinessLayer.csproj", "{9A0CF2B5-A84B-427E-A6B5-7C15756F3912}"
EndProject
Project("{FAE04EC0-301F-11D3-BF4B-00C04F79EFBC}") = "CrossCutting", "..\CrossCutting\CrossCutting.csproj", "{C7C56D42-F21C-4CF4-867B-B956646F98CE}"
EndProject
Global
	GlobalSection(SolutionConfigurationPlatforms) = preSolution
		Debug|Any CPU = Debug|Any CPU
		Release|Any CPU = Release|Any CPU
	EndGlobalSection
	GlobalSection(ProjectConfigurationPlatforms) = postSolution
		{BB6F4143-30E8-4CF9-9001-A46537283850}.Debug|Any CPU.ActiveCfg = Debug|Any CPU
		{BB6F4143-30E8-4CF9-9001-A46537283850}.Debug|Any CPU.Build.0 = Debug|Any CPU
		{BB6F4143-30E8-4CF9-9001-A46537283850}.Release|Any CPU.ActiveCfg = Release|Any CPU
		{BB6F4143-30E8-4CF9-9001-A46537283850}.Release|Any CPU.Build.0 = Release|Any CPU
		{9590124E-B27A-4673-8AD7-06D38E32C45B}.Debug|Any CPU.ActiveCfg = Debug|Any CPU
		{9590124E-B27A-4673-8AD7-06D38E32C45B}.Debug|Any CPU.Build.0 = Debug|Any CPU
		{9590124E-B27A-4673-8AD7-06D38E32C45B}.Release|Any CPU.ActiveCfg = Release|Any CPU
		{9590124E-B27A-4673-8AD7-06D38E32C45B}.Release|Any CPU.Build.0 = Release|Any CPU
		{25B3CD61-E550-4CFD-9E3B-30CF262AC346}.Debug|Any CPU.ActiveCfg = Debug|Any CPU
		{25B3CD61-E550-4CFD-9E3B-30CF262AC346}.Debug|Any CPU.Build.0 = Debug|Any CPU
		{25B3CD61-E550-4CFD-9E3B-30CF262AC346}.Release|Any CPU.ActiveCfg = Release|Any CPU
		{25B3CD61-E550-4CFD-9E3B-30CF262AC346}.Release|Any CPU.Build.0 = Release|Any CPU
		{9A0CF2B5-A84B-427E-A6B5-7C15756F3912}.Debug|Any CPU.ActiveCfg = Debug|Any CPU
		{9A0CF2B5-A84B-427E-A6B5-7C15756F3912}.Debug|Any CPU.Build.0 = Debug|Any CPU
		{9A0CF2B5-A84B-427E-A6B5-7C15756F3912}.Release|Any CPU.ActiveCfg = Release|Any CPU
		{9A0CF2B5-A84B-427E-A6B5-7C15756F3912}.Release|Any CPU.Build.0 = Release|Any CPU
		{C7C56D42-F21C-4CF4-867B-B956646F98CE}.Debug|Any CPU.ActiveCfg = Debug|Any CPU
		{C7C56D42-F21C-4CF4-867B-B956646F98CE}.Debug|Any CPU.Build.0 = Debug|Any CPU
		{C7C56D42-F21C-4CF4-867B-B956646F98CE}.Release|Any CPU.ActiveCfg = Release|Any CPU
		{C7C56D42-F21C-4CF4-867B-B956646F98CE}.Release|Any CPU.Build.0 = Release|Any CPU
	EndGlobalSection
	GlobalSection(SolutionProperties) = preSolution
		HideSolutionNode = FALSE
	EndGlobalSection
	GlobalSection(ExtensibilityGlobals) = postSolution
		SolutionGuid = {E84D3103-E57C-4693-82C5-6EBA3BAB9232}
	EndGlobalSection
EndGlobal
